<?xml version="1.0" encoding="utf-8"?>
<Project xmlns="http://schemas.microsoft.com/developer/msbuild/2003">
  <ItemGroup>
    <Filter Include="Form Files">
      <UniqueIdentifier>{99349809-55BA-4b9d-BF79-8FDBB0286EB3}</UniqueIdentifier>
      <Extensions>ui</Extensions>
      <ParseFiles>false</ParseFiles>
    </Filter>
    <Filter Include="Form Files">
      <UniqueIdentifier>{99349809-55BA-4b9d-BF79-8FDBB0286EB3}</UniqueIdentifier>
      <Extensions>ui</Extensions>
      <ParseFiles>false</ParseFiles>
    </Filter>
    <Filter Include="Generated Files">
      <UniqueIdentifier>{71ED8ED8-ACB9-4CE9-BBE1-E00B30144E11}</UniqueIdentifier>
      <Extensions>cpp;c;cxx;moc;h;def;odl;idl;res;</Extensions>
    </Filter>
    <Filter Include="Generated Files">
      <UniqueIdentifier>{71ED8ED8-ACB9-4CE9-BBE1-E00B30144E11}</UniqueIdentifier>
      <Extensions>cpp;c;cxx;moc;h;def;odl;idl;res;</Extensions>
    </Filter>
    <Filter Include="Header Files">
      <UniqueIdentifier>{93995380-89BD-4b04-88EB-625FBE52EBFB}</UniqueIdentifier>
      <Extensions>h;hpp;hxx;hm;inl;inc;xsd</Extensions>
    </Filter>
    <Filter Include="Header Files">
      <UniqueIdentifier>{93995380-89BD-4b04-88EB-625FBE52EBFB}</UniqueIdentifier>
      <Extensions>h;hpp;hxx;hm;inl;inc;xsd</Extensions>
    </Filter>
    <Filter Include="Resource Files">
      <UniqueIdentifier>{D9D6E242-F8AF-46E4-B9FD-80ECBC20BA3E}</UniqueIdentifier>
      <Extensions>qrc;*</Extensions>
      <ParseFiles>false</ParseFiles>
    </Filter>
    <Filter Include="Resource Files">
      <UniqueIdentifier>{D9D6E242-F8AF-46E4-B9FD-80ECBC20BA3E}</UniqueIdentifier>
      <Extensions>qrc;*</Extensions>
      <ParseFiles>false</ParseFiles>
    </Filter>
    <Filter Include="Source Files">
      <UniqueIdentifier>{4FC737F1-C7A5-4376-A066-2A32D752A2FF}</UniqueIdentifier>
      <Extensions>cpp;c;cxx;def;odl;idl;hpj;bat;asm;asmx</Extensions>
    </Filter>
    <Filter Include="Source Files">
      <UniqueIdentifier>{4FC737F1-C7A5-4376-A066-2A32D752A2FF}</UniqueIdentifier>
      <Extensions>cpp;c;cxx;def;odl;idl;hpj;bat;asm;asmx</Extensions>
    </Filter>
  </ItemGroup>
  <ItemGroup>
    <ClCompile Include="client.cpp">
      <Filter>Source Files</Filter>
    </ClCompile>
    <ClCompile Include="csend.cpp">
      <Filter>Source Files</Filter>
    </ClCompile>
    <ClCompile Include="isend.cpp">
      <Filter>Source Files</Filter>
    </ClCompile>
    <ClCompile Include="main.cpp">
      <Filter>Source Files</Filter>
    </ClCompile>
    <ClCompile Include="mainwindow.cpp">
      <Filter>Source Files</Filter>
    </ClCompile>
    <ClCompile Include="sendactualizaredate.cpp">
      <Filter>Source Files</Filter>
    </ClCompile>
    <ClCompile Include="sendamuitatparola.cpp">
      <Filter>Source Files</Filter>
    </ClCompile>
    <ClCompile Include="sendantrenament.cpp">
      <Filter>Source Files</Filter>
    </ClCompile>
    <ClCompile Include="sendautentificare.cpp">
      <Filter>Source Files</Filter>
    </ClCompile>
    <ClCompile Include="sendinregistrare.cpp">
      <Filter>Source Files</Filter>
    </ClCompile>
    <ClCompile Include="sendlistaprieteni.cpp">
      <Filter>Source Files</Filter>
    </ClCompile>
    <ClCompile Include="sendprieten.cpp">
      <Filter>Source Files</Filter>
    </ClCompile>
    <ClCompile Include="sendvizualizareevolutie.cpp">
      <Filter>Source Files</Filter>
    </ClCompile>
  </ItemGroup>
  <ItemGroup>
    <QtMoc Include="client.h">
      <Filter>Header Files</Filter>
    </QtMoc>
    <ClInclude Include="csend.h">
      <Filter>Header Files</Filter>
    </ClInclude>
    <ClInclude Include="isend.h">
      <Filter>Header Files</Filter>
    </ClInclude>
    <QtMoc Include="mainwindow.h">
      <Filter>Header Files</Filter>
    </QtMoc>
    <ClInclude Include="sendactualizaredate.h">
      <Filter>Header Files</Filter>
    </ClInclude>
    <ClInclude Include="sendamuitatparola.h">
      <Filter>Header Files</Filter>
    </ClInclude>
    <ClInclude Include="sendantrenament.h">
      <Filter>Header Files</Filter>
    </ClInclude>
    <ClInclude Include="sendautentificare.h">
      <Filter>Header Files</Filter>
    </ClInclude>
    <ClInclude Include="sendinregistrare.h">
      <Filter>Header Files</Filter>
    </ClInclude>
    <ClInclude Include="sendlistaprieteni.h">
      <Filter>Header Files</Filter>
    </ClInclude>
    <ClInclude Include="sendprieten.h">
      <Filter>Header Files</Filter>
    </ClInclude>
    <ClInclude Include="sendvizualizareevolutie.h">
      <Filter>Header Files</Filter>
    </ClInclude>
  </ItemGroup>
  <ItemGroup>
    
    
    
    
    <CustomBuild Include="debug\moc_predefs.h.cbt">
      <Filter>Generated Files</Filter>
    </CustomBuild>
    <CustomBuild Include="release\moc_predefs.h.cbt">
      <Filter>Generated Files</Filter>
    </CustomBuild>
    
    
    
  </ItemGroup>
  <ItemGroup>
    <QtUic Include="mainwindow.ui">
      <Filter>Form Files</Filter>
    </QtUic>
  </ItemGroup>
  <ItemGroup>
    <None Include="img\1.jpeg">
      <Filter>Resource Files</Filter>
    </None>
    <None Include="img\112.JPG">
      <Filter>Resource Files</Filter>
    </None>
    <None Include="img\12.jpeg">
      <Filter>Resource Files</Filter>
    </None>
    <None Include="img\2.jpg">
      <Filter>Resource Files</Filter>
    </None>
    <None Include="img\3.jpg">
      <Filter>Resource Files</Filter>
    </None>
    <QtRcc Include="resource.qrc">
      <Filter>Resource Files</Filter>
    </QtRcc>
  </ItemGroup>
</Project>